
Microsoft Visual Studio Solution File, Format Version 12.00
# Visual Studio Version 16
VisualStudioVersion = 16.0.29503.13
MinimumVisualStudioVersion = 10.0.40219.1
Project("{FAE04EC0-301F-11D3-BF4B-00C04F79EFBC}") = "MVCAJAX", "MVCAJAX\MVCAJAX.csproj", "{687612B6-51B9-4099-ACAF-676F83C0C260}"
EndProject
Project("{FAE04EC0-301F-11D3-BF4B-00C04F79EFBC}") = "Domain", "Domain\Domain.csproj", "{F1780EFA-611F-4B65-84C1-0EAB4D00DF3A}"
EndProject
Project("{FAE04EC0-301F-11D3-BF4B-00C04F79EFBC}") = "Infraestructure", "Infraestructure\Infraestructure.csproj", "{E7ECB10D-8D2D-46FE-9ACF-77A69EC531A1}"
EndProject
Project("{FAE04EC0-301F-11D3-BF4B-00C04F79EFBC}") = "Service", "Service\Service.csproj", "{312877C8-7521-42C4-A106-8A2E2103FFE1}"
EndProject
Project("{FAE04EC0-301F-11D3-BF4B-00C04F79EFBC}") = "API", "API\API.csproj", "{F689EADF-DEA4-406E-B366-C97AF165D02C}"
EndProject
Global
	GlobalSection(SolutionConfigurationPlatforms) = preSolution
		Debug|Any CPU = Debug|Any CPU
		Release|Any CPU = Release|Any CPU
	EndGlobalSection
	GlobalSection(ProjectConfigurationPlatforms) = postSolution
		{687612B6-51B9-4099-ACAF-676F83C0C260}.Debug|Any CPU.ActiveCfg = Debug|Any CPU
		{687612B6-51B9-4099-ACAF-676F83C0C260}.Debug|Any CPU.Build.0 = Debug|Any CPU
		{687612B6-51B9-4099-ACAF-676F83C0C260}.Release|Any CPU.ActiveCfg = Release|Any CPU
		{687612B6-51B9-4099-ACAF-676F83C0C260}.Release|Any CPU.Build.0 = Release|Any CPU
		{F1780EFA-611F-4B65-84C1-0EAB4D00DF3A}.Debug|Any CPU.ActiveCfg = Debug|Any CPU
		{F1780EFA-611F-4B65-84C1-0EAB4D00DF3A}.Debug|Any CPU.Build.0 = Debug|Any CPU
		{F1780EFA-611F-4B65-84C1-0EAB4D00DF3A}.Release|Any CPU.ActiveCfg = Release|Any CPU
		{F1780EFA-611F-4B65-84C1-0EAB4D00DF3A}.Release|Any CPU.Build.0 = Release|Any CPU
		{E7ECB10D-8D2D-46FE-9ACF-77A69EC531A1}.Debug|Any CPU.ActiveCfg = Debug|Any CPU
		{E7ECB10D-8D2D-46FE-9ACF-77A69EC531A1}.Debug|Any CPU.Build.0 = Debug|Any CPU
		{E7ECB10D-8D2D-46FE-9ACF-77A69EC531A1}.Release|Any CPU.ActiveCfg = Release|Any CPU
		{E7ECB10D-8D2D-46FE-9ACF-77A69EC531A1}.Release|Any CPU.Build.0 = Release|Any CPU
		{312877C8-7521-42C4-A106-8A2E2103FFE1}.Debug|Any CPU.ActiveCfg = Debug|Any CPU
		{312877C8-7521-42C4-A106-8A2E2103FFE1}.Debug|Any CPU.Build.0 = Debug|Any CPU
		{312877C8-7521-42C4-A106-8A2E2103FFE1}.Release|Any CPU.ActiveCfg = Release|Any CPU
		{312877C8-7521-42C4-A106-8A2E2103FFE1}.Release|Any CPU.Build.0 = Release|Any CPU
		{F689EADF-DEA4-406E-B366-C97AF165D02C}.Debug|Any CPU.ActiveCfg = Debug|Any CPU
		{F689EADF-DEA4-406E-B366-C97AF165D02C}.Debug|Any CPU.Build.0 = Debug|Any CPU
		{F689EADF-DEA4-406E-B366-C97AF165D02C}.Release|Any CPU.ActiveCfg = Release|Any CPU
		{F689EADF-DEA4-406E-B366-C97AF165D02C}.Release|Any CPU.Build.0 = Release|Any CPU
	EndGlobalSection
	GlobalSection(SolutionProperties) = preSolution
		HideSolutionNode = FALSE
	EndGlobalSection
	GlobalSection(ExtensibilityGlobals) = postSolution
		SolutionGuid = {E505008C-844B-4FE5-A87C-528B27648C89}
	EndGlobalSection
EndGlobal
